
Microsoft Visual Studio Solution File, Format Version 12.00
# Visual Studio Version 17
VisualStudioVersion = 17.3.32929.385
MinimumVisualStudioVersion = 10.0.40219.1
Project("{9A19103F-16F7-4668-BE54-9A1E7A4F7556}") = "Creations.Api", "Creations.Api\Creations.Api.csproj", "{7E9C36CF-E9F0-4DF4-AF31-730C9EACF7F1}"
EndProject
Project("{2150E333-8FDC-42A3-9474-1A3956D46DE8}") = "1-Domain", "1-Domain", "{C4E49A3D-99DC-4DF9-9776-1FCAFC362A32}"
EndProject
Project("{2150E333-8FDC-42A3-9474-1A3956D46DE8}") = "2-Application", "2-Application", "{56A4D719-90FD-459E-B0F8-78956ABBD4C0}"
EndProject
Project("{2150E333-8FDC-42A3-9474-1A3956D46DE8}") = "4-UI", "4-UI", "{1AD97B32-769F-4F8D-AC57-2674329A3F7D}"
EndProject
Project("{2150E333-8FDC-42A3-9474-1A3956D46DE8}") = "3-Infrastructure", "3-Infrastructure", "{CFE46C81-F334-4FFE-906C-32B877B2187F}"
EndProject
Project("{9A19103F-16F7-4668-BE54-9A1E7A4F7556}") = "Creations.Core", "Creations.Core\Creations.Core.csproj", "{28CA73AF-CE07-419F-977C-A67F335D4DAE}"
EndProject
Project("{9A19103F-16F7-4668-BE54-9A1E7A4F7556}") = "Creations.Application", "Creations.Application\Creations.Application.csproj", "{9524BC13-F14C-4E8D-97AF-A72CF265E8D7}"
EndProject
Project("{9A19103F-16F7-4668-BE54-9A1E7A4F7556}") = "Creations.DummyInfra", "Creations.DummyInfra\Creations.DummyInfra.csproj", "{90EF594B-31C8-444D-9E5E-769CC9B2B378}"
EndProject
Project("{FAE04EC0-301F-11D3-BF4B-00C04F79EFBC}") = "Creations.Core.Tests", "Creations.Core.Tests\Creations.Core.Tests.csproj", "{038E97CB-47D7-422C-B62E-C0C2176CA9DB}"
EndProject
Project("{FAE04EC0-301F-11D3-BF4B-00C04F79EFBC}") = "Creations.Application.Tests", "Creations.Application.Tests\Creations.Application.Tests.csproj", "{6298DD5C-099A-4F4C-9A72-A43B4FB60260}"
EndProject
Global
	GlobalSection(SolutionConfigurationPlatforms) = preSolution
		Debug|Any CPU = Debug|Any CPU
		Release|Any CPU = Release|Any CPU
	EndGlobalSection
	GlobalSection(ProjectConfigurationPlatforms) = postSolution
		{7E9C36CF-E9F0-4DF4-AF31-730C9EACF7F1}.Debug|Any CPU.ActiveCfg = Debug|Any CPU
		{7E9C36CF-E9F0-4DF4-AF31-730C9EACF7F1}.Debug|Any CPU.Build.0 = Debug|Any CPU
		{7E9C36CF-E9F0-4DF4-AF31-730C9EACF7F1}.Release|Any CPU.ActiveCfg = Release|Any CPU
		{7E9C36CF-E9F0-4DF4-AF31-730C9EACF7F1}.Release|Any CPU.Build.0 = Release|Any CPU
		{28CA73AF-CE07-419F-977C-A67F335D4DAE}.Debug|Any CPU.ActiveCfg = Debug|Any CPU
		{28CA73AF-CE07-419F-977C-A67F335D4DAE}.Debug|Any CPU.Build.0 = Debug|Any CPU
		{28CA73AF-CE07-419F-977C-A67F335D4DAE}.Release|Any CPU.ActiveCfg = Release|Any CPU
		{28CA73AF-CE07-419F-977C-A67F335D4DAE}.Release|Any CPU.Build.0 = Release|Any CPU
		{9524BC13-F14C-4E8D-97AF-A72CF265E8D7}.Debug|Any CPU.ActiveCfg = Debug|Any CPU
		{9524BC13-F14C-4E8D-97AF-A72CF265E8D7}.Debug|Any CPU.Build.0 = Debug|Any CPU
		{9524BC13-F14C-4E8D-97AF-A72CF265E8D7}.Release|Any CPU.ActiveCfg = Release|Any CPU
		{9524BC13-F14C-4E8D-97AF-A72CF265E8D7}.Release|Any CPU.Build.0 = Release|Any CPU
		{90EF594B-31C8-444D-9E5E-769CC9B2B378}.Debug|Any CPU.ActiveCfg = Debug|Any CPU
		{90EF594B-31C8-444D-9E5E-769CC9B2B378}.Debug|Any CPU.Build.0 = Debug|Any CPU
		{90EF594B-31C8-444D-9E5E-769CC9B2B378}.Release|Any CPU.ActiveCfg = Release|Any CPU
		{90EF594B-31C8-444D-9E5E-769CC9B2B378}.Release|Any CPU.Build.0 = Release|Any CPU
		{038E97CB-47D7-422C-B62E-C0C2176CA9DB}.Debug|Any CPU.ActiveCfg = Debug|Any CPU
		{038E97CB-47D7-422C-B62E-C0C2176CA9DB}.Debug|Any CPU.Build.0 = Debug|Any CPU
		{038E97CB-47D7-422C-B62E-C0C2176CA9DB}.Release|Any CPU.ActiveCfg = Release|Any CPU
		{038E97CB-47D7-422C-B62E-C0C2176CA9DB}.Release|Any CPU.Build.0 = Release|Any CPU
		{6298DD5C-099A-4F4C-9A72-A43B4FB60260}.Debug|Any CPU.ActiveCfg = Debug|Any CPU
		{6298DD5C-099A-4F4C-9A72-A43B4FB60260}.Debug|Any CPU.Build.0 = Debug|Any CPU
		{6298DD5C-099A-4F4C-9A72-A43B4FB60260}.Release|Any CPU.ActiveCfg = Release|Any CPU
		{6298DD5C-099A-4F4C-9A72-A43B4FB60260}.Release|Any CPU.Build.0 = Release|Any CPU
	EndGlobalSection
	GlobalSection(SolutionProperties) = preSolution
		HideSolutionNode = FALSE
	EndGlobalSection
	GlobalSection(NestedProjects) = preSolution
		{7E9C36CF-E9F0-4DF4-AF31-730C9EACF7F1} = {1AD97B32-769F-4F8D-AC57-2674329A3F7D}
		{28CA73AF-CE07-419F-977C-A67F335D4DAE} = {C4E49A3D-99DC-4DF9-9776-1FCAFC362A32}
		{9524BC13-F14C-4E8D-97AF-A72CF265E8D7} = {56A4D719-90FD-459E-B0F8-78956ABBD4C0}
		{90EF594B-31C8-444D-9E5E-769CC9B2B378} = {CFE46C81-F334-4FFE-906C-32B877B2187F}
		{038E97CB-47D7-422C-B62E-C0C2176CA9DB} = {C4E49A3D-99DC-4DF9-9776-1FCAFC362A32}
		{6298DD5C-099A-4F4C-9A72-A43B4FB60260} = {56A4D719-90FD-459E-B0F8-78956ABBD4C0}
	EndGlobalSection
	GlobalSection(ExtensibilityGlobals) = postSolution
		SolutionGuid = {B7113A2C-F4AB-4F69-A963-23BC12B32CFE}
	EndGlobalSection
EndGlobal
