
Microsoft Visual Studio Solution File, Format Version 12.00
# Visual Studio Version 17
VisualStudioVersion = 17.3.32929.385
MinimumVisualStudioVersion = 10.0.40219.1
Project("{FAE04EC0-301F-11D3-BF4B-00C04F79EFBC}") = "Creations.Api", "Creations.Api\Creations.Api.csproj", "{7E9C36CF-E9F0-4DF4-AF31-730C9EACF7F1}"
EndProject
Global
	GlobalSection(SolutionConfigurationPlatforms) = preSolution
		Debug|Any CPU = Debug|Any CPU
		Release|Any CPU = Release|Any CPU
	EndGlobalSection
	GlobalSection(ProjectConfigurationPlatforms) = postSolution
		{7E9C36CF-E9F0-4DF4-AF31-730C9EACF7F1}.Debug|Any CPU.ActiveCfg = Debug|Any CPU
		{7E9C36CF-E9F0-4DF4-AF31-730C9EACF7F1}.Debug|Any CPU.Build.0 = Debug|Any CPU
		{7E9C36CF-E9F0-4DF4-AF31-730C9EACF7F1}.Release|Any CPU.ActiveCfg = Release|Any CPU
		{7E9C36CF-E9F0-4DF4-AF31-730C9EACF7F1}.Release|Any CPU.Build.0 = Release|Any CPU
	EndGlobalSection
	GlobalSection(SolutionProperties) = preSolution
		HideSolutionNode = FALSE
	EndGlobalSection
	GlobalSection(ExtensibilityGlobals) = postSolution
		SolutionGuid = {B7113A2C-F4AB-4F69-A963-23BC12B32CFE}
	EndGlobalSection
EndGlobal
